
Microsoft Visual Studio Solution File, Format Version 12.00
# Visual Studio Version 16
VisualStudioVersion = 16.0.31624.102
MinimumVisualStudioVersion = 10.0.40219.1
Project("{9A19103F-16F7-4668-BE54-9A1E7A4F7556}") = "Lab 1", "Lab 1\Lab 1.csproj", "{B2C7A409-25CA-45F7-AC54-32F3608CFAF5}"
EndProject
Project("{9A19103F-16F7-4668-BE54-9A1E7A4F7556}") = "Queue", "LinkedList\Queue.csproj", "{0481D026-0250-4E78-BAA4-1F8896A5B8D7}"
EndProject
Project("{9A19103F-16F7-4668-BE54-9A1E7A4F7556}") = "HarrisList", "HarrisList\HarrisList.csproj", "{E51612DD-CB37-48C5-A1BE-54C27FD23ADB}"
EndProject
Project("{9A19103F-16F7-4668-BE54-9A1E7A4F7556}") = "Synchronization", "Synchronization\Synchronization.csproj", "{1CEE56E3-4CB5-464C-AE4A-D28AA2435B6A}"
EndProject
Project("{9A19103F-16F7-4668-BE54-9A1E7A4F7556}") = "SkipList", "SkipList\SkipList.csproj", "{90B3DCD3-E3AB-4DC4-B291-F8CAAFA90D65}"
EndProject
Project("{9A19103F-16F7-4668-BE54-9A1E7A4F7556}") = "Synchronization.Tests", "Synchronization.Tests\Synchronization.Tests.csproj", "{5082B4B2-22BA-4B1E-84BD-C3038563DA6A}"
EndProject
Project("{FAE04EC0-301F-11D3-BF4B-00C04F79EFBC}") = "SkipList.Tests", "SkipList.Tests\SkipList.Tests.csproj", "{9A53DCF8-5714-442D-92A7-5BF218635B9E}"
EndProject
Global
	GlobalSection(SolutionConfigurationPlatforms) = preSolution
		Debug|Any CPU = Debug|Any CPU
		Release|Any CPU = Release|Any CPU
	EndGlobalSection
	GlobalSection(ProjectConfigurationPlatforms) = postSolution
		{B2C7A409-25CA-45F7-AC54-32F3608CFAF5}.Debug|Any CPU.ActiveCfg = Debug|Any CPU
		{B2C7A409-25CA-45F7-AC54-32F3608CFAF5}.Debug|Any CPU.Build.0 = Debug|Any CPU
		{B2C7A409-25CA-45F7-AC54-32F3608CFAF5}.Release|Any CPU.ActiveCfg = Release|Any CPU
		{B2C7A409-25CA-45F7-AC54-32F3608CFAF5}.Release|Any CPU.Build.0 = Release|Any CPU
		{0481D026-0250-4E78-BAA4-1F8896A5B8D7}.Debug|Any CPU.ActiveCfg = Debug|Any CPU
		{0481D026-0250-4E78-BAA4-1F8896A5B8D7}.Debug|Any CPU.Build.0 = Debug|Any CPU
		{0481D026-0250-4E78-BAA4-1F8896A5B8D7}.Release|Any CPU.ActiveCfg = Release|Any CPU
		{0481D026-0250-4E78-BAA4-1F8896A5B8D7}.Release|Any CPU.Build.0 = Release|Any CPU
		{E51612DD-CB37-48C5-A1BE-54C27FD23ADB}.Debug|Any CPU.ActiveCfg = Debug|Any CPU
		{E51612DD-CB37-48C5-A1BE-54C27FD23ADB}.Debug|Any CPU.Build.0 = Debug|Any CPU
		{E51612DD-CB37-48C5-A1BE-54C27FD23ADB}.Release|Any CPU.ActiveCfg = Release|Any CPU
		{E51612DD-CB37-48C5-A1BE-54C27FD23ADB}.Release|Any CPU.Build.0 = Release|Any CPU
		{1CEE56E3-4CB5-464C-AE4A-D28AA2435B6A}.Debug|Any CPU.ActiveCfg = Debug|Any CPU
		{1CEE56E3-4CB5-464C-AE4A-D28AA2435B6A}.Debug|Any CPU.Build.0 = Debug|Any CPU
		{1CEE56E3-4CB5-464C-AE4A-D28AA2435B6A}.Release|Any CPU.ActiveCfg = Release|Any CPU
		{1CEE56E3-4CB5-464C-AE4A-D28AA2435B6A}.Release|Any CPU.Build.0 = Release|Any CPU
		{90B3DCD3-E3AB-4DC4-B291-F8CAAFA90D65}.Debug|Any CPU.ActiveCfg = Debug|Any CPU
		{90B3DCD3-E3AB-4DC4-B291-F8CAAFA90D65}.Debug|Any CPU.Build.0 = Debug|Any CPU
		{90B3DCD3-E3AB-4DC4-B291-F8CAAFA90D65}.Release|Any CPU.ActiveCfg = Release|Any CPU
		{90B3DCD3-E3AB-4DC4-B291-F8CAAFA90D65}.Release|Any CPU.Build.0 = Release|Any CPU
		{5082B4B2-22BA-4B1E-84BD-C3038563DA6A}.Debug|Any CPU.ActiveCfg = Debug|Any CPU
		{5082B4B2-22BA-4B1E-84BD-C3038563DA6A}.Debug|Any CPU.Build.0 = Debug|Any CPU
		{5082B4B2-22BA-4B1E-84BD-C3038563DA6A}.Release|Any CPU.ActiveCfg = Release|Any CPU
		{5082B4B2-22BA-4B1E-84BD-C3038563DA6A}.Release|Any CPU.Build.0 = Release|Any CPU
		{9A53DCF8-5714-442D-92A7-5BF218635B9E}.Debug|Any CPU.ActiveCfg = Debug|Any CPU
		{9A53DCF8-5714-442D-92A7-5BF218635B9E}.Debug|Any CPU.Build.0 = Debug|Any CPU
		{9A53DCF8-5714-442D-92A7-5BF218635B9E}.Release|Any CPU.ActiveCfg = Release|Any CPU
		{9A53DCF8-5714-442D-92A7-5BF218635B9E}.Release|Any CPU.Build.0 = Release|Any CPU
	EndGlobalSection
	GlobalSection(SolutionProperties) = preSolution
		HideSolutionNode = FALSE
	EndGlobalSection
	GlobalSection(ExtensibilityGlobals) = postSolution
		SolutionGuid = {5368A05C-4735-4068-A6E8-35E8F12B82BE}
	EndGlobalSection
EndGlobal
